
Microsoft Visual Studio Solution File, Format Version 12.00
# Visual Studio Version 18
VisualStudioVersion = 18.2.11415.280 d18.0
MinimumVisualStudioVersion = 10.0.40219.1
Project("{FAE04EC0-301F-11D3-BF4B-00C04F79EFBC}") = "XBuildApi", "XBuildApi\XBuildApi.csproj", "{D6292561-28CF-FDA0-06E3-92B770E03268}"
EndProject
Global
	GlobalSection(SolutionConfigurationPlatforms) = preSolution
		Debug|Any CPU = Debug|Any CPU
		Release|Any CPU = Release|Any CPU
	EndGlobalSection
	GlobalSection(ProjectConfigurationPlatforms) = postSolution
		{D6292561-28CF-FDA0-06E3-92B770E03268}.Debug|Any CPU.ActiveCfg = Debug|Any CPU
		{D6292561-28CF-FDA0-06E3-92B770E03268}.Debug|Any CPU.Build.0 = Debug|Any CPU
		{D6292561-28CF-FDA0-06E3-92B770E03268}.Release|Any CPU.ActiveCfg = Release|Any CPU
		{D6292561-28CF-FDA0-06E3-92B770E03268}.Release|Any CPU.Build.0 = Release|Any CPU
	EndGlobalSection
	GlobalSection(SolutionProperties) = preSolution
		HideSolutionNode = FALSE
	EndGlobalSection
	GlobalSection(ExtensibilityGlobals) = postSolution
		SolutionGuid = {34386826-5D51-4CB2-B274-889A8CD5D265}
	EndGlobalSection
EndGlobal
